
Microsoft Visual Studio Solution File, Format Version 12.00
# Visual Studio Version 16
VisualStudioVersion = 16.0.31829.152
MinimumVisualStudioVersion = 10.0.40219.1
Project("{FAE04EC0-301F-11D3-BF4B-00C04F79EFBC}") = "GUI", "GUI.csproj", "{979C5262-B4AC-4029-8724-BFF27CFECC5D}"
EndProject
Global
	GlobalSection(SolutionConfigurationPlatforms) = preSolution
		Debug|Any CPU = Debug|Any CPU
		Release|Any CPU = Release|Any CPU
	EndGlobalSection
	GlobalSection(ProjectConfigurationPlatforms) = postSolution
		{979C5262-B4AC-4029-8724-BFF27CFECC5D}.Debug|Any CPU.ActiveCfg = Debug|Any CPU
		{979C5262-B4AC-4029-8724-BFF27CFECC5D}.Debug|Any CPU.Build.0 = Debug|Any CPU
		{979C5262-B4AC-4029-8724-BFF27CFECC5D}.Release|Any CPU.ActiveCfg = Release|Any CPU
		{979C5262-B4AC-4029-8724-BFF27CFECC5D}.Release|Any CPU.Build.0 = Release|Any CPU
	EndGlobalSection
	GlobalSection(SolutionProperties) = preSolution
		HideSolutionNode = FALSE
	EndGlobalSection
	GlobalSection(ExtensibilityGlobals) = postSolution
		SolutionGuid = {60AB3396-CB68-4C87-813F-E67CE54089E2}
	EndGlobalSection
EndGlobal
